
Microsoft Visual Studio Solution File, Format Version 12.00
# Visual Studio Version 17
VisualStudioVersion = 17.4.33213.308
MinimumVisualStudioVersion = 10.0.40219.1
Project("{9A19103F-16F7-4668-BE54-9A1E7A4F7556}") = "KeysReporting.WebAssembly.App.Server", "KeysReporting.WebAssembly.App\Server\KeysReporting.WebAssembly.App.Server.csproj", "{7E29F352-5601-4C8D-A4F0-DE9F26E84C67}"
EndProject
Project("{9A19103F-16F7-4668-BE54-9A1E7A4F7556}") = "KeysReporting.WebAssembly.App.Client", "KeysReporting.WebAssembly.App\Client\KeysReporting.WebAssembly.App.Client.csproj", "{FFB214AD-C667-437C-8E3F-50B372741767}"
EndProject
Project("{9A19103F-16F7-4668-BE54-9A1E7A4F7556}") = "KeysReporting.WebAssembly.App.Shared", "KeysReporting.WebAssembly.App\Shared\KeysReporting.WebAssembly.App.Shared.csproj", "{45EC6F7B-794B-40F7-AFC4-90E1B8EF96B4}"
EndProject
Global
	GlobalSection(SolutionConfigurationPlatforms) = preSolution
		Debug|Any CPU = Debug|Any CPU
		Release|Any CPU = Release|Any CPU
	EndGlobalSection
	GlobalSection(ProjectConfigurationPlatforms) = postSolution
		{7E29F352-5601-4C8D-A4F0-DE9F26E84C67}.Debug|Any CPU.ActiveCfg = Debug|Any CPU
		{7E29F352-5601-4C8D-A4F0-DE9F26E84C67}.Debug|Any CPU.Build.0 = Debug|Any CPU
		{7E29F352-5601-4C8D-A4F0-DE9F26E84C67}.Release|Any CPU.ActiveCfg = Release|Any CPU
		{7E29F352-5601-4C8D-A4F0-DE9F26E84C67}.Release|Any CPU.Build.0 = Release|Any CPU
		{FFB214AD-C667-437C-8E3F-50B372741767}.Debug|Any CPU.ActiveCfg = Debug|Any CPU
		{FFB214AD-C667-437C-8E3F-50B372741767}.Debug|Any CPU.Build.0 = Debug|Any CPU
		{FFB214AD-C667-437C-8E3F-50B372741767}.Release|Any CPU.ActiveCfg = Release|Any CPU
		{FFB214AD-C667-437C-8E3F-50B372741767}.Release|Any CPU.Build.0 = Release|Any CPU
		{45EC6F7B-794B-40F7-AFC4-90E1B8EF96B4}.Debug|Any CPU.ActiveCfg = Debug|Any CPU
		{45EC6F7B-794B-40F7-AFC4-90E1B8EF96B4}.Debug|Any CPU.Build.0 = Debug|Any CPU
		{45EC6F7B-794B-40F7-AFC4-90E1B8EF96B4}.Release|Any CPU.ActiveCfg = Release|Any CPU
		{45EC6F7B-794B-40F7-AFC4-90E1B8EF96B4}.Release|Any CPU.Build.0 = Release|Any CPU
	EndGlobalSection
	GlobalSection(SolutionProperties) = preSolution
		HideSolutionNode = FALSE
	EndGlobalSection
	GlobalSection(ExtensibilityGlobals) = postSolution
		SolutionGuid = {0A1D9D1E-764C-412C-B242-11BE3208EF05}
	EndGlobalSection
EndGlobal
